
Microsoft Visual Studio Solution File, Format Version 12.00
# Visual Studio Version 17
VisualStudioVersion = 17.1.32210.238
MinimumVisualStudioVersion = 10.0.40219.1
Project("{FAE04EC0-301F-11D3-BF4B-00C04F79EFBC}") = "Login forms", "Login forms.csproj", "{130C5FEC-9614-4FDE-A807-E2C7D63C6593}"
EndProject
Global
	GlobalSection(SolutionConfigurationPlatforms) = preSolution
		Debug|Any CPU = Debug|Any CPU
		Release|Any CPU = Release|Any CPU
	EndGlobalSection
	GlobalSection(ProjectConfigurationPlatforms) = postSolution
		{130C5FEC-9614-4FDE-A807-E2C7D63C6593}.Debug|Any CPU.ActiveCfg = Debug|Any CPU
		{130C5FEC-9614-4FDE-A807-E2C7D63C6593}.Debug|Any CPU.Build.0 = Debug|Any CPU
		{130C5FEC-9614-4FDE-A807-E2C7D63C6593}.Release|Any CPU.ActiveCfg = Release|Any CPU
		{130C5FEC-9614-4FDE-A807-E2C7D63C6593}.Release|Any CPU.Build.0 = Release|Any CPU
	EndGlobalSection
	GlobalSection(SolutionProperties) = preSolution
		HideSolutionNode = FALSE
	EndGlobalSection
	GlobalSection(ExtensibilityGlobals) = postSolution
		SolutionGuid = {8A230BF1-A81E-4D7F-8395-50052BE79624}
	EndGlobalSection
EndGlobal
